
Microsoft Visual Studio Solution File, Format Version 12.00
# Visual Studio Version 17
VisualStudioVersion = 17.4.33103.184
MinimumVisualStudioVersion = 10.0.40219.1
Project("{FAE04EC0-301F-11D3-BF4B-00C04F79EFBC}") = "PolskaMath", "PolskaMath\PolskaMath.csproj", "{127B3C0F-A22A-4D2B-A77A-8B27E58D12F8}"
EndProject
Global
	GlobalSection(SolutionConfigurationPlatforms) = preSolution
		Debug|Any CPU = Debug|Any CPU
		Release|Any CPU = Release|Any CPU
	EndGlobalSection
	GlobalSection(ProjectConfigurationPlatforms) = postSolution
		{127B3C0F-A22A-4D2B-A77A-8B27E58D12F8}.Debug|Any CPU.ActiveCfg = Debug|Any CPU
		{127B3C0F-A22A-4D2B-A77A-8B27E58D12F8}.Debug|Any CPU.Build.0 = Debug|Any CPU
		{127B3C0F-A22A-4D2B-A77A-8B27E58D12F8}.Release|Any CPU.ActiveCfg = Release|Any CPU
		{127B3C0F-A22A-4D2B-A77A-8B27E58D12F8}.Release|Any CPU.Build.0 = Release|Any CPU
	EndGlobalSection
	GlobalSection(SolutionProperties) = preSolution
		HideSolutionNode = FALSE
	EndGlobalSection
	GlobalSection(ExtensibilityGlobals) = postSolution
		SolutionGuid = {2316156E-30B9-4182-98D5-0BEB58E914F5}
	EndGlobalSection
EndGlobal
